
Microsoft Visual Studio Solution File, Format Version 12.00
# Visual Studio 15
VisualStudioVersion = 15.0.27703.2000
MinimumVisualStudioVersion = 10.0.40219.1
Project("{FAE04EC0-301F-11D3-BF4B-00C04F79EFBC}") = "PasswordGenerator", "PasswordGenerator\PasswordGenerator.csproj", "{43C61BC5-42E2-4778-8915-294817361EB2}"
EndProject
Project("{2150E333-8FDC-42A3-9474-1A3956D46DE8}") = "Test", "Test", "{06A3A7A4-24F4-4982-A412-6C5BF4009DDD}"
EndProject
Project("{FAE04EC0-301F-11D3-BF4B-00C04F79EFBC}") = "PwasswordGenerator.Test", "PwasswordGenerator.Test\PwasswordGenerator.Test.csproj", "{317E3413-CEF2-4E6E-9670-DE6485B0AD19}"
EndProject
Global
	GlobalSection(SolutionConfigurationPlatforms) = preSolution
		Debug|Any CPU = Debug|Any CPU
		Release|Any CPU = Release|Any CPU
	EndGlobalSection
	GlobalSection(ProjectConfigurationPlatforms) = postSolution
		{43C61BC5-42E2-4778-8915-294817361EB2}.Debug|Any CPU.ActiveCfg = Debug|Any CPU
		{43C61BC5-42E2-4778-8915-294817361EB2}.Debug|Any CPU.Build.0 = Debug|Any CPU
		{43C61BC5-42E2-4778-8915-294817361EB2}.Release|Any CPU.ActiveCfg = Release|Any CPU
		{43C61BC5-42E2-4778-8915-294817361EB2}.Release|Any CPU.Build.0 = Release|Any CPU
		{317E3413-CEF2-4E6E-9670-DE6485B0AD19}.Debug|Any CPU.ActiveCfg = Debug|Any CPU
		{317E3413-CEF2-4E6E-9670-DE6485B0AD19}.Debug|Any CPU.Build.0 = Debug|Any CPU
		{317E3413-CEF2-4E6E-9670-DE6485B0AD19}.Release|Any CPU.ActiveCfg = Release|Any CPU
		{317E3413-CEF2-4E6E-9670-DE6485B0AD19}.Release|Any CPU.Build.0 = Release|Any CPU
	EndGlobalSection
	GlobalSection(SolutionProperties) = preSolution
		HideSolutionNode = FALSE
	EndGlobalSection
	GlobalSection(NestedProjects) = preSolution
		{317E3413-CEF2-4E6E-9670-DE6485B0AD19} = {06A3A7A4-24F4-4982-A412-6C5BF4009DDD}
	EndGlobalSection
	GlobalSection(ExtensibilityGlobals) = postSolution
		SolutionGuid = {113D7AD4-DAAB-49CB-B090-AC2118F2C8DD}
	EndGlobalSection
EndGlobal
